Microsoft Visual Studio Solution File, Format Version 11.00
# Visual Studio 2008

Project("{3440D06F-C69A-6441-9720-F318EE68DC7C}") = "Sweet Candy Crush", "Assembly-CSharp.csproj", "{4FCCBEFC-CA0D-AE40-0C35-02FA50DA57A0}"
EndProject
Project("{3440D06F-C69A-6441-9720-F318EE68DC7C}") = "Sweet Candy Crush", "Assembly-CSharp-Editor.csproj", "{7CB0618D-59AC-CC0B-4B6D-F7367920E456}"
EndProject
Global
	GlobalSection(SolutionConfigurationPlatforms) = preSolution
		Debug|Any CPU = Debug|Any CPU
		Release|Any CPU = Release|Any CPU
	EndGlobalSection
	GlobalSection(ProjectConfigurationPlatforms) = postSolution
		{4FCCBEFC-CA0D-AE40-0C35-02FA50DA57A0}.Debug|Any CPU.ActiveCfg = Debug|Any CPU
		{4FCCBEFC-CA0D-AE40-0C35-02FA50DA57A0}.Debug|Any CPU.Build.0 = Debug|Any CPU
		{4FCCBEFC-CA0D-AE40-0C35-02FA50DA57A0}.Release|Any CPU.ActiveCfg = Release|Any CPU
		{4FCCBEFC-CA0D-AE40-0C35-02FA50DA57A0}.Release|Any CPU.Build.0 = Release|Any CPU
		{7CB0618D-59AC-CC0B-4B6D-F7367920E456}.Debug|Any CPU.ActiveCfg = Debug|Any CPU
		{7CB0618D-59AC-CC0B-4B6D-F7367920E456}.Debug|Any CPU.Build.0 = Debug|Any CPU
		{7CB0618D-59AC-CC0B-4B6D-F7367920E456}.Release|Any CPU.ActiveCfg = Release|Any CPU
		{7CB0618D-59AC-CC0B-4B6D-F7367920E456}.Release|Any CPU.Build.0 = Release|Any CPU
	EndGlobalSection
	GlobalSection(SolutionProperties) = preSolution
		HideSolutionNode = FALSE
	EndGlobalSection
	GlobalSection(MonoDevelopProperties) = preSolution
		StartupItem = Assembly-CSharp.csproj
	EndGlobalSection
EndGlobal
